
Microsoft Visual Studio Solution File, Format Version 12.00
# Visual Studio Version 16
VisualStudioVersion = 16.0.29920.165
MinimumVisualStudioVersion = 10.0.40219.1
Project("{9A19103F-16F7-4668-BE54-9A1E7A4F7556}") = "RPC_Game", "RPC_Game\RPC_Game.csproj", "{948113E5-91B5-4AA3-B201-FD1A45B1AED7}"
EndProject
Project("{FAE04EC0-301F-11D3-BF4B-00C04F79EFBC}") = "XUnitTestRPC", "XUnitTestRPC\XUnitTestRPC.csproj", "{BBE2109B-73FF-46C9-9FC3-D21F38738287}"
EndProject
Global
	GlobalSection(SolutionConfigurationPlatforms) = preSolution
		Debug|Any CPU = Debug|Any CPU
		Release|Any CPU = Release|Any CPU
	EndGlobalSection
	GlobalSection(ProjectConfigurationPlatforms) = postSolution
		{948113E5-91B5-4AA3-B201-FD1A45B1AED7}.Debug|Any CPU.ActiveCfg = Debug|Any CPU
		{948113E5-91B5-4AA3-B201-FD1A45B1AED7}.Debug|Any CPU.Build.0 = Debug|Any CPU
		{948113E5-91B5-4AA3-B201-FD1A45B1AED7}.Release|Any CPU.ActiveCfg = Release|Any CPU
		{948113E5-91B5-4AA3-B201-FD1A45B1AED7}.Release|Any CPU.Build.0 = Release|Any CPU
		{BBE2109B-73FF-46C9-9FC3-D21F38738287}.Debug|Any CPU.ActiveCfg = Debug|Any CPU
		{BBE2109B-73FF-46C9-9FC3-D21F38738287}.Debug|Any CPU.Build.0 = Debug|Any CPU
		{BBE2109B-73FF-46C9-9FC3-D21F38738287}.Release|Any CPU.ActiveCfg = Release|Any CPU
		{BBE2109B-73FF-46C9-9FC3-D21F38738287}.Release|Any CPU.Build.0 = Release|Any CPU
	EndGlobalSection
	GlobalSection(SolutionProperties) = preSolution
		HideSolutionNode = FALSE
	EndGlobalSection
	GlobalSection(ExtensibilityGlobals) = postSolution
		SolutionGuid = {46076257-65D8-47AB-ADD6-24A63456D37E}
	EndGlobalSection
EndGlobal
