
Microsoft Visual Studio Solution File, Format Version 12.00
# Visual Studio Version 16
VisualStudioVersion = 16.0.29418.71
MinimumVisualStudioVersion = 10.0.40219.1
Project("{FAE04EC0-301F-11D3-BF4B-00C04F79EFBC}") = "StoreApp", "StoreApp.csproj", "{B7CDD184-A749-483B-805F-1647EBD095BB}"
EndProject
Global
	GlobalSection(SolutionConfigurationPlatforms) = preSolution
		Debug|Any CPU = Debug|Any CPU
		Release|Any CPU = Release|Any CPU
	EndGlobalSection
	GlobalSection(ProjectConfigurationPlatforms) = postSolution
		{B7CDD184-A749-483B-805F-1647EBD095BB}.Debug|Any CPU.ActiveCfg = Debug|Any CPU
		{B7CDD184-A749-483B-805F-1647EBD095BB}.Debug|Any CPU.Build.0 = Debug|Any CPU
		{B7CDD184-A749-483B-805F-1647EBD095BB}.Release|Any CPU.ActiveCfg = Release|Any CPU
		{B7CDD184-A749-483B-805F-1647EBD095BB}.Release|Any CPU.Build.0 = Release|Any CPU
	EndGlobalSection
	GlobalSection(SolutionProperties) = preSolution
		HideSolutionNode = FALSE
	EndGlobalSection
	GlobalSection(ExtensibilityGlobals) = postSolution
		SolutionGuid = {975DF0F9-5CC6-4E76-9A8C-301E022DA14C}
	EndGlobalSection
EndGlobal
